// !$*UTF8*$!
{
	archiveVersion = 1;
	classes = {
	};
	objectVersion = 77;
	objects = {

/* Begin PBXBuildFile section */
		809087262FA61F2500D10891 /* libzmq.xcframework in Frameworks */ = {isa = PBXBuildFile; fileRef = 809087252FA61F2500D10891 /* libzmq.xcframework */; };
		8090872B2FA6313200D10891 /* libc++.tbd in Frameworks */ = {isa = PBXBuildFile; fileRef = 8090872A2FA6312800D10891 /* libc++.tbd */; };
		809087812FA87C8100D10891 /* .gitignore in Resources */ = {isa = PBXBuildFile; fileRef = 809087732FA87C8100D10891 /* .gitignore */; };
		809087822FA87C8100D10891 /* msgq.cc in Sources */ = {isa = PBXBuildFile; fileRef = 8090877F2FA87C8100D10891 /* msgq.cc */; };
		809087832FA87C8100D10891 /* impl_fake.cc in Sources */ = {isa = PBXBuildFile; fileRef = 809087772FA87C8100D10891 /* impl_fake.cc */; };
		809087842FA87C8100D10891 /* bridge_ios.cpp in Sources */ = {isa = PBXBuildFile; fileRef = 809087702FA87C8100D10891 /* bridge_ios.cpp */; };
		809087852FA87C8100D10891 /* impl_zmq.cc in Sources */ = {isa = PBXBuildFile; fileRef = 8090877B2FA87C8100D10891 /* impl_zmq.cc */; };
		809087862FA87C8100D10891 /* impl_msgq.cc in Sources */ = {isa = PBXBuildFile; fileRef = 809087792FA87C8100D10891 /* impl_msgq.cc */; };
		809087872FA87C8100D10891 /* ipc.cc in Sources */ = {isa = PBXBuildFile; fileRef = 8090877D2FA87C8100D10891 /* ipc.cc */; };
		809087882FA87C8100D10891 /* event.cc in Sources */ = {isa = PBXBuildFile; fileRef = 809087752FA87C8100D10891 /* event.cc */; };
/* End PBXBuildFile section */

/* Begin PBXFileReference section */
		29FF823E2F72C9C400D48E9A /* dashpilot.app */ = {isa = PBXFileReference; explicitFileType = wrapper.application; includeInIndex = 0; path = dashpilot.app; sourceTree = BUILT_PRODUCTS_DIR; };
		809087252FA61F2500D10891 /* libzmq.xcframework */ = {isa = PBXFileReference; lastKnownFileType = wrapper.xcframework; name = libzmq.xcframework; path = Libraries/libzmq.xcframework; sourceTree = "<group>"; };
		8090872A2FA6312800D10891 /* libc++.tbd */ = {isa = PBXFileReference; lastKnownFileType = "sourcecode.text-based-dylib-definition"; name = "libc++.tbd"; path = "usr/lib/libc++.tbd"; sourceTree = SDKROOT; };
		8090876F2FA87C8100D10891 /* bridge_ios.h */ = {isa = PBXFileReference; lastKnownFileType = sourcecode.c.h; name = bridge_ios.h; path = ../bridge/bridge_ios.h; sourceTree = SOURCE_ROOT; };
		809087702FA87C8100D10891 /* bridge_ios.cpp */ = {isa = PBXFileReference; lastKnownFileType = sourcecode.cpp.cpp; name = bridge_ios.cpp; path = ../bridge/bridge_ios.cpp; sourceTree = SOURCE_ROOT; };
		809087712FA87C8100D10891 /* logger.h */ = {isa = PBXFileReference; lastKnownFileType = sourcecode.c.h; path = logger.h; sourceTree = "<group>"; };
		809087732FA87C8100D10891 /* .gitignore */ = {isa = PBXFileReference; lastKnownFileType = text; path = .gitignore; sourceTree = "<group>"; };
		809087742FA87C8100D10891 /* event.h */ = {isa = PBXFileReference; lastKnownFileType = sourcecode.c.h; path = event.h; sourceTree = "<group>"; };
		809087752FA87C8100D10891 /* event.cc */ = {isa = PBXFileReference; lastKnownFileType = sourcecode.cpp.cpp; path = event.cc; sourceTree = "<group>"; };
		809087762FA87C8100D10891 /* impl_fake.h */ = {isa = PBXFileReference; lastKnownFileType = sourcecode.c.h; path = impl_fake.h; sourceTree = "<group>"; };
		809087772FA87C8100D10891 /* impl_fake.cc */ = {isa = PBXFileReference; lastKnownFileType = sourcecode.cpp.cpp; path = impl_fake.cc; sourceTree = "<group>"; };
		809087782FA87C8100D10891 /* impl_msgq.h */ = {isa = PBXFileReference; lastKnownFileType = sourcecode.c.h; path = impl_msgq.h; sourceTree = "<group>"; };
		809087792FA87C8100D10891 /* impl_msgq.cc */ = {isa = PBXFileReference; lastKnownFileType = sourcecode.cpp.cpp; path = impl_msgq.cc; sourceTree = "<group>"; };
		8090877A2FA87C8100D10891 /* impl_zmq.h */ = {isa = PBXFileReference; lastKnownFileType = sourcecode.c.h; path = impl_zmq.h; sourceTree = "<group>"; };
		8090877B2FA87C8100D10891 /* impl_zmq.cc */ = {isa = PBXFileReference; lastKnownFileType = sourcecode.cpp.cpp; path = impl_zmq.cc; sourceTree = "<group>"; };
		8090877C2FA87C8100D10891 /* ipc.h */ = {isa = PBXFileReference; lastKnownFileType = sourcecode.c.h; path = ipc.h; sourceTree = "<group>"; };
		8090877D2FA87C8100D10891 /* ipc.cc */ = {isa = PBXFileReference; lastKnownFileType = sourcecode.cpp.cpp; path = ipc.cc; sourceTree = "<group>"; };
		8090877E2FA87C8100D10891 /* msgq.h */ = {isa = PBXFileReference; lastKnownFileType = sourcecode.c.h; path = msgq.h; sourceTree = "<group>"; };
		8090877F2FA87C8100D10891 /* msgq.cc */ = {isa = PBXFileReference; lastKnownFileType = sourcecode.cpp.cpp; path = msgq.cc; sourceTree = "<group>"; };
/* End PBXFileReference section */

/* Begin PBXFileSystemSynchronizedBuildFileExceptionSet section */
		AA00000100000000000000AA /* Exceptions for "dashpilot" folder in "dashpilot" target */ = {
			isa = PBXFileSystemSynchronizedBuildFileExceptionSet;
			membershipExceptions = (
				Info.plist,
			);
			target = 29FF823D2F72C9C400D48E9A /* dashpilot */;
		};
/* End PBXFileSystemSynchronizedBuildFileExceptionSet section */

/* Begin PBXFileSystemSynchronizedRootGroup section */
		29FF82402F72C9C400D48E9A /* dashpilot */ = {
			isa = PBXFileSystemSynchronizedRootGroup;
			exceptions = (
				AA00000100000000000000AA /* Exceptions for "dashpilot" folder in "dashpilot" target */,
			);
			path = dashpilot;
			sourceTree = "<group>";
		};
/* End PBXFileSystemSynchronizedRootGroup section */

/* Begin PBXFrameworksBuildPhase section */
		29FF823B2F72C9C400D48E9A /* Frameworks */ = {
			isa = PBXFrameworksBuildPhase;
			buildActionMask = 2147483647;
			files = (
				8090872B2FA6313200D10891 /* libc++.tbd in Frameworks */,
				809087262FA61F2500D10891 /* libzmq.xcframework in Frameworks */,
			);
			runOnlyForDeploymentPostprocessing = 0;
		};
/* End PBXFrameworksBuildPhase section */

/* Begin PBXGroup section */
		29FF82352F72C9C400D48E9A = {
			isa = PBXGroup;
			children = (
				8090876F2FA87C8100D10891 /* bridge_ios.h */,
				809087702FA87C8100D10891 /* bridge_ios.cpp */,
				809087802FA87C8100D10891 /* msgq */,
				29FF82402F72C9C400D48E9A /* dashpilot */,
				809087242FA61F2500D10891 /* Frameworks */,
				29FF823F2F72C9C400D48E9A /* Products */,
			);
			sourceTree = "<group>";
		};
		29FF823F2F72C9C400D48E9A /* Products */ = {
			isa = PBXGroup;
			children = (
				29FF823E2F72C9C400D48E9A /* dashpilot.app */,
			);
			name = Products;
			sourceTree = "<group>";
		};
		809087242FA61F2500D10891 /* Frameworks */ = {
			isa = PBXGroup;
			children = (
				8090872A2FA6312800D10891 /* libc++.tbd */,
				809087252FA61F2500D10891 /* libzmq.xcframework */,
			);
			name = Frameworks;
			sourceTree = "<group>";
		};
		809087722FA87C8100D10891 /* logger */ = {
			isa = PBXGroup;
			children = (
				809087712FA87C8100D10891 /* logger.h */,
			);
			path = logger;
			sourceTree = "<group>";
		};
		809087802FA87C8100D10891 /* msgq */ = {
			isa = PBXGroup;
			children = (
				809087722FA87C8100D10891 /* logger */,
				809087732FA87C8100D10891 /* .gitignore */,
				809087742FA87C8100D10891 /* event.h */,
				809087752FA87C8100D10891 /* event.cc */,
				809087762FA87C8100D10891 /* impl_fake.h */,
				809087772FA87C8100D10891 /* impl_fake.cc */,
				809087782FA87C8100D10891 /* impl_msgq.h */,
				809087792FA87C8100D10891 /* impl_msgq.cc */,
				8090877A2FA87C8100D10891 /* impl_zmq.h */,
				8090877B2FA87C8100D10891 /* impl_zmq.cc */,
				8090877C2FA87C8100D10891 /* ipc.h */,
				8090877D2FA87C8100D10891 /* ipc.cc */,
				8090877E2FA87C8100D10891 /* msgq.h */,
				8090877F2FA87C8100D10891 /* msgq.cc */,
			);
			name = msgq;
			path = ../bridge/msgq;
			sourceTree = SOURCE_ROOT;
		};
/* End PBXGroup section */

/* Begin PBXNativeTarget section */
		29FF823D2F72C9C400D48E9A /* dashpilot */ = {
			isa = PBXNativeTarget;
			buildConfigurationList = 29FF82492F72C9C700D48E9A /* Build configuration list for PBXNativeTarget "dashpilot" */;
			buildPhases = (
				29FF823A2F72C9C400D48E9A /* Sources */,
				29FF823B2F72C9C400D48E9A /* Frameworks */,
				295FE6812F8A498F002E75E9 /* ShellScript */,
				29FF823C2F72C9C400D48E9A /* Resources */,
			);
			buildRules = (
			);
			dependencies = (
			);
			fileSystemSynchronizedGroups = (
				29FF82402F72C9C400D48E9A /* dashpilot */,
			);
			name = dashpilot;
			packageProductDependencies = (
			);
			productName = dashpilot;
			productReference = 29FF823E2F72C9C400D48E9A /* dashpilot.app */;
			productType = "com.apple.product-type.application";
		};
/* End PBXNativeTarget section */

/* Begin PBXProject section */
		29FF82362F72C9C400D48E9A /* Project object */ = {
			isa = PBXProject;
			attributes = {
				BuildIndependentTargetsInParallel = 1;
				LastSwiftUpdateCheck = 2600;
				LastUpgradeCheck = 2600;
				TargetAttributes = {
					29FF823D2F72C9C400D48E9A = {
						CreatedOnToolsVersion = 26.0.1;
					};
				};
			};
			buildConfigurationList = 29FF82392F72C9C400D48E9A /* Build configuration list for PBXProject "dashpilot" */;
			developmentRegion = en;
			hasScannedForEncodings = 0;
			knownRegions = (
				en,
				Base,
			);
			mainGroup = 29FF82352F72C9C400D48E9A;
			minimizedProjectReferenceProxies = 1;
			preferredProjectObjectVersion = 77;
			productRefGroup = 29FF823F2F72C9C400D48E9A /* Products */;
			projectDirPath = "";
			projectRoot = "";
			targets = (
				29FF823D2F72C9C400D48E9A /* dashpilot */,
			);
		};
/* End PBXProject section */

/* Begin PBXResourcesBuildPhase section */
		29FF823C2F72C9C400D48E9A /* Resources */ = {
			isa = PBXResourcesBuildPhase;
			buildActionMask = 2147483647;
			files = (
				809087812FA87C8100D10891 /* .gitignore in Resources */,
			);
			runOnlyForDeploymentPostprocessing = 0;
		};
/* End PBXResourcesBuildPhase section */

/* Begin PBXShellScriptBuildPhase section */
		295FE6812F8A498F002E75E9 /* ShellScript */ = {
			isa = PBXShellScriptBuildPhase;
			buildActionMask = 2147483647;
			files = (
			);
			inputFileListPaths = (
			);
			inputPaths = (
			);
			outputFileListPaths = (
			);
			outputPaths = (
			);
			runOnlyForDeploymentPostprocessing = 0;
			shellPath = /bin/sh;
			shellScript = "cp -R \"${SRCROOT}/../dash-apps/web-vanilla/\" \"${BUILT_PRODUCTS_DIR}/${CONTENTS_FOLDER_PATH}/web-vanilla/\"\n\n";
		};
/* End PBXShellScriptBuildPhase section */

/* Begin PBXSourcesBuildPhase section */
		29FF823A2F72C9C400D48E9A /* Sources */ = {
			isa = PBXSourcesBuildPhase;
			buildActionMask = 2147483647;
			files = (
				809087822FA87C8100D10891 /* msgq.cc in Sources */,
				809087832FA87C8100D10891 /* impl_fake.cc in Sources */,
				809087842FA87C8100D10891 /* bridge_ios.cpp in Sources */,
				809087852FA87C8100D10891 /* impl_zmq.cc in Sources */,
				809087862FA87C8100D10891 /* impl_msgq.cc in Sources */,
				809087872FA87C8100D10891 /* ipc.cc in Sources */,
				809087882FA87C8100D10891 /* event.cc in Sources */,
			);
			runOnlyForDeploymentPostprocessing = 0;
		};
/* End PBXSourcesBuildPhase section */

/* Begin XCBuildConfiguration section */
		29FF82472F72C9C700D48E9A /* Debug */ = {
			isa = XCBuildConfiguration;
			buildSettings = {
				ALWAYS_SEARCH_USER_PATHS = NO;
				ASSETCATALOG_COMPILER_GENERATE_SWIFT_ASSET_SYMBOL_EXTENSIONS = YES;
				CLANG_ANALYZER_NONNULL = YES;
				CLANG_ANALYZER_NUMBER_OBJECT_CONVERSION = YES_AGGRESSIVE;
				CLANG_CXX_LANGUAGE_STANDARD = "gnu++20";
				CLANG_ENABLE_MODULES = YES;
				CLANG_ENABLE_OBJC_ARC = YES;
				CLANG_ENABLE_OBJC_WEAK = YES;
				CLANG_WARN_BLOCK_CAPTURE_AUTORELEASING = YES;
				CLANG_WARN_BOOL_CONVERSION = YES;
				CLANG_WARN_COMMA = YES;
				CLANG_WARN_CONSTANT_CONVERSION = YES;
				CLANG_WARN_DEPRECATED_OBJC_IMPLEMENTATIONS = YES;
				CLANG_WARN_DIRECT_OBJC_ISA_USAGE = YES_ERROR;
				CLANG_WARN_DOCUMENTATION_COMMENTS = YES;
				CLANG_WARN_EMPTY_BODY = YES;
				CLANG_WARN_ENUM_CONVERSION = YES;
				CLANG_WARN_INFINITE_RECURSION = YES;
				CLANG_WARN_INT_CONVERSION = YES;
				CLANG_WARN_NON_LITERAL_NULL_CONVERSION = YES;
				CLANG_WARN_OBJC_IMPLICIT_RETAIN_SELF = YES;
				CLANG_WARN_OBJC_LITERAL_CONVERSION = YES;
				CLANG_WARN_OBJC_ROOT_CLASS = YES_ERROR;
				CLANG_WARN_QUOTED_INCLUDE_IN_FRAMEWORK_HEADER = YES;
				CLANG_WARN_RANGE_LOOP_ANALYSIS = YES;
				CLANG_WARN_STRICT_PROTOTYPES = YES;
				CLANG_WARN_SUSPICIOUS_MOVE = YES;
				CLANG_WARN_UNGUARDED_AVAILABILITY = YES_AGGRESSIVE;
				CLANG_WARN_UNREACHABLE_CODE = YES;
				CLANG_WARN__DUPLICATE_METHOD_MATCH = YES;
				COPY_PHASE_STRIP = NO;
				DEBUG_INFORMATION_FORMAT = dwarf;
				DEVELOPMENT_TEAM = 2KJTTVU6PU;
				ENABLE_STRICT_OBJC_MSGSEND = YES;
				ENABLE_TESTABILITY = YES;
				ENABLE_USER_SCRIPT_SANDBOXING = YES;
				GCC_C_LANGUAGE_STANDARD = gnu17;
				GCC_DYNAMIC_NO_PIC = NO;
				GCC_NO_COMMON_BLOCKS = YES;
				GCC_OPTIMIZATION_LEVEL = 0;
				GCC_PREPROCESSOR_DEFINITIONS = (
					"DEBUG=1",
					"$(inherited)",
				);
				GCC_WARN_64_TO_32_BIT_CONVERSION = YES;
				GCC_WARN_ABOUT_RETURN_TYPE = YES_ERROR;
				GCC_WARN_UNDECLARED_SELECTOR = YES;
				GCC_WARN_UNINITIALIZED_AUTOS = YES_AGGRESSIVE;
				GCC_WARN_UNUSED_FUNCTION = YES;
				GCC_WARN_UNUSED_VARIABLE = YES;
				IPHONEOS_DEPLOYMENT_TARGET = 26.0;
				LOCALIZATION_PREFERS_STRING_CATALOGS = YES;
				MTL_ENABLE_DEBUG_INFO = INCLUDE_SOURCE;
				MTL_FAST_MATH = YES;
				ONLY_ACTIVE_ARCH = YES;
				SDKROOT = iphoneos;
				SWIFT_ACTIVE_COMPILATION_CONDITIONS = "DEBUG $(inherited)";
				SWIFT_OPTIMIZATION_LEVEL = "-Onone";
			};
			name = Debug;
		};
		29FF82482F72C9C700D48E9A /* Release */ = {
			isa = XCBuildConfiguration;
			buildSettings = {
				ALWAYS_SEARCH_USER_PATHS = NO;
				ASSETCATALOG_COMPILER_GENERATE_SWIFT_ASSET_SYMBOL_EXTENSIONS = YES;
				CLANG_ANALYZER_NONNULL = YES;
				CLANG_ANALYZER_NUMBER_OBJECT_CONVERSION = YES_AGGRESSIVE;
				CLANG_CXX_LANGUAGE_STANDARD = "gnu++20";
				CLANG_ENABLE_MODULES = YES;
				CLANG_ENABLE_OBJC_ARC = YES;
				CLANG_ENABLE_OBJC_WEAK = YES;
				CLANG_WARN_BLOCK_CAPTURE_AUTORELEASING = YES;
				CLANG_WARN_BOOL_CONVERSION = YES;
				CLANG_WARN_COMMA = YES;
				CLANG_WARN_CONSTANT_CONVERSION = YES;
				CLANG_WARN_DEPRECATED_OBJC_IMPLEMENTATIONS = YES;
				CLANG_WARN_DIRECT_OBJC_ISA_USAGE = YES_ERROR;
				CLANG_WARN_DOCUMENTATION_COMMENTS = YES;
				CLANG_WARN_EMPTY_BODY = YES;
				CLANG_WARN_ENUM_CONVERSION = YES;
				CLANG_WARN_INFINITE_RECURSION = YES;
				CLANG_WARN_INT_CONVERSION = YES;
				CLANG_WARN_NON_LITERAL_NULL_CONVERSION = YES;
				CLANG_WARN_OBJC_IMPLICIT_RETAIN_SELF = YES;
				CLANG_WARN_OBJC_LITERAL_CONVERSION = YES;
				CLANG_WARN_OBJC_ROOT_CLASS = YES_ERROR;
				CLANG_WARN_QUOTED_INCLUDE_IN_FRAMEWORK_HEADER = YES;
				CLANG_WARN_RANGE_LOOP_ANALYSIS = YES;
				CLANG_WARN_STRICT_PROTOTYPES = YES;
				CLANG_WARN_SUSPICIOUS_MOVE = YES;
				CLANG_WARN_UNGUARDED_AVAILABILITY = YES_AGGRESSIVE;
				CLANG_WARN_UNREACHABLE_CODE = YES;
				CLANG_WARN__DUPLICATE_METHOD_MATCH = YES;
				COPY_PHASE_STRIP = NO;
				DEBUG_INFORMATION_FORMAT = "dwarf-with-dsym";
				DEVELOPMENT_TEAM = 2KJTTVU6PU;
				ENABLE_NS_ASSERTIONS = NO;
				ENABLE_STRICT_OBJC_MSGSEND = YES;
				ENABLE_USER_SCRIPT_SANDBOXING = YES;
				GCC_C_LANGUAGE_STANDARD = gnu17;
				GCC_NO_COMMON_BLOCKS = YES;
				GCC_WARN_64_TO_32_BIT_CONVERSION = YES;
				GCC_WARN_ABOUT_RETURN_TYPE = YES_ERROR;
				GCC_WARN_UNDECLARED_SELECTOR = YES;
				GCC_WARN_UNINITIALIZED_AUTOS = YES_AGGRESSIVE;
				GCC_WARN_UNUSED_FUNCTION = YES;
				GCC_WARN_UNUSED_VARIABLE = YES;
				IPHONEOS_DEPLOYMENT_TARGET = 26.0;
				LOCALIZATION_PREFERS_STRING_CATALOGS = YES;
				MTL_ENABLE_DEBUG_INFO = NO;
				MTL_FAST_MATH = YES;
				SDKROOT = iphoneos;
				SWIFT_COMPILATION_MODE = wholemodule;
				VALIDATE_PRODUCT = YES;
			};
			name = Release;
		};
		29FF824A2F72C9C700D48E9A /* Debug */ = {
			isa = XCBuildConfiguration;
			buildSettings = {
				ASSETCATALOG_COMPILER_APPICON_NAME = AppIcon;
				ASSETCATALOG_COMPILER_GLOBAL_ACCENT_COLOR_NAME = AccentColor;
				CODE_SIGN_STYLE = Automatic;
				CURRENT_PROJECT_VERSION = 1;
				DEVELOPMENT_TEAM = UDUCCCVUWB;
				ENABLE_PREVIEWS = YES;
				ENABLE_USER_SCRIPT_SANDBOXING = NO;
				"HEADER_SEARCH_PATHS[arch=*]" = (
					"$(SRCROOT)/Libraries/include",
					"$(SRCROOT)/../bridge/**",
				);
				INFOPLIST_FILE = dashpilot/Info.plist;
				LD_RUNPATH_SEARCH_PATHS = (
					"$(inherited)",
					"@executable_path/Frameworks",
				);
				MARKETING_VERSION = 1.0;
				PRODUCT_BUNDLE_IDENTIFIER = com.softwiredtech.dashpilot;
				PRODUCT_NAME = "$(TARGET_NAME)";
				STRING_CATALOG_GENERATE_SYMBOLS = YES;
				SWIFT_APPROACHABLE_CONCURRENCY = YES;
				SWIFT_DEFAULT_ACTOR_ISOLATION = MainActor;
				SWIFT_EMIT_LOC_STRINGS = YES;
				"SWIFT_OBJC_BRIDGING_HEADER[arch=*]" = "$(SRCROOT)/dashpilot/dashpilot-Bridging-Header.h";
				SWIFT_UPCOMING_FEATURE_MEMBER_IMPORT_VISIBILITY = YES;
				SWIFT_VERSION = 5.0;
				TARGETED_DEVICE_FAMILY = "1,2";
			};
			name = Debug;
		};
		29FF824B2F72C9C700D48E9A /* Release */ = {
			isa = XCBuildConfiguration;
			buildSettings = {
				ASSETCATALOG_COMPILER_APPICON_NAME = AppIcon;
				ASSETCATALOG_COMPILER_GLOBAL_ACCENT_COLOR_NAME = AccentColor;
				CODE_SIGN_STYLE = Automatic;
				CURRENT_PROJECT_VERSION = 1;
				DEVELOPMENT_TEAM = UDUCCCVUWB;
				ENABLE_PREVIEWS = YES;
				ENABLE_USER_SCRIPT_SANDBOXING = NO;
				"HEADER_SEARCH_PATHS[arch=*]" = (
					"$(SRCROOT)/Libraries/include",
					"$(SRCROOT)/../bridge/**",
				);
				INFOPLIST_FILE = dashpilot/Info.plist;
				LD_RUNPATH_SEARCH_PATHS = (
					"$(inherited)",
					"@executable_path/Frameworks",
				);
				MARKETING_VERSION = 1.0;
				PRODUCT_BUNDLE_IDENTIFIER = com.softwiredtech.dashpilot;
				PRODUCT_NAME = "$(TARGET_NAME)";
				STRING_CATALOG_GENERATE_SYMBOLS = YES;
				SWIFT_APPROACHABLE_CONCURRENCY = YES;
				SWIFT_DEFAULT_ACTOR_ISOLATION = MainActor;
				SWIFT_EMIT_LOC_STRINGS = YES;
				"SWIFT_OBJC_BRIDGING_HEADER[arch=*]" = "$(SRCROOT)/Libraries/include";
				SWIFT_UPCOMING_FEATURE_MEMBER_IMPORT_VISIBILITY = YES;
				SWIFT_VERSION = 5.0;
				TARGETED_DEVICE_FAMILY = "1,2";
			};
			name = Release;
		};
/* End XCBuildConfiguration section */

/* Begin XCConfigurationList section */
		29FF82392F72C9C400D48E9A /* Build configuration list for PBXProject "dashpilot" */ = {
			isa = XCConfigurationList;
			buildConfigurations = (
				29FF82472F72C9C700D48E9A /* Debug */,
				29FF82482F72C9C700D48E9A /* Release */,
			);
			defaultConfigurationIsVisible = 0;
			defaultConfigurationName = Release;
		};
		29FF82492F72C9C700D48E9A /* Build configuration list for PBXNativeTarget "dashpilot" */ = {
			isa = XCConfigurationList;
			buildConfigurations = (
				29FF824A2F72C9C700D48E9A /* Debug */,
				29FF824B2F72C9C700D48E9A /* Release */,
			);
			defaultConfigurationIsVisible = 0;
			defaultConfigurationName = Release;
		};
/* End XCConfigurationList section */
	};
	rootObject = 29FF82362F72C9C400D48E9A /* Project object */;
}
